
Microsoft Visual Studio Solution File, Format Version 12.00
# Visual Studio Version 17
VisualStudioVersion = 17.8.34316.72
MinimumVisualStudioVersion = 10.0.40219.1
Project("{FAE04EC0-301F-11D3-BF4B-00C04F79EFBC}") = "SnakeGameCsharp", "SnakeGameCsharp.csproj", "{F6B708C7-D176-4C8F-965F-3504064251A5}"
EndProject
Global
	GlobalSection(SolutionConfigurationPlatforms) = preSolution
		Debug|Any CPU = Debug|Any CPU
		Release|Any CPU = Release|Any CPU
	EndGlobalSection
	GlobalSection(ProjectConfigurationPlatforms) = postSolution
		{F6B708C7-D176-4C8F-965F-3504064251A5}.Debug|Any CPU.ActiveCfg = Debug|Any CPU
		{F6B708C7-D176-4C8F-965F-3504064251A5}.Debug|Any CPU.Build.0 = Debug|Any CPU
		{F6B708C7-D176-4C8F-965F-3504064251A5}.Release|Any CPU.ActiveCfg = Release|Any CPU
		{F6B708C7-D176-4C8F-965F-3504064251A5}.Release|Any CPU.Build.0 = Release|Any CPU
	EndGlobalSection
	GlobalSection(SolutionProperties) = preSolution
		HideSolutionNode = FALSE
	EndGlobalSection
	GlobalSection(ExtensibilityGlobals) = postSolution
		SolutionGuid = {8B5C4D60-A570-410F-BFC1-8E6757B9FF9A}
	EndGlobalSection
EndGlobal
